// !$*UTF8*$!
{
	archiveVersion = 1;
	classes = {
	};
	objectVersion = 50;
	objects = {

/* Begin PBXBuildFile section */
		86497D38257686E200876BB9 /* AppDelegate.swift in Sources */ = {isa = PBXBuildFile; fileRef = 86497D37257686E200876BB9 /* AppDelegate.swift */; };
		86497D3A257686E200876BB9 /* SceneDelegate.swift in Sources */ = {isa = PBXBuildFile; fileRef = 86497D39257686E200876BB9 /* SceneDelegate.swift */; };
		86497D3C257686E200876BB9 /* ViewController.swift in Sources */ = {isa = PBXBuildFile; fileRef = 86497D3B257686E200876BB9 /* ViewController.swift */; };
		86497D3F257686E200876BB9 /* Main.storyboard in Resources */ = {isa = PBXBuildFile; fileRef = 86497D3D257686E200876BB9 /* Main.storyboard */; };
		86497D41257686E300876BB9 /* Assets.xcassets in Resources */ = {isa = PBXBuildFile; fileRef = 86497D40257686E300876BB9 /* Assets.xcassets */; };
		86497D44257686E300876BB9 /* LaunchScreen.storyboard in Resources */ = {isa = PBXBuildFile; fileRef = 86497D42257686E300876BB9 /* LaunchScreen.storyboard */; };
		86497D4F257686E400876BB9 /* DoraemonTests.swift in Sources */ = {isa = PBXBuildFile; fileRef = 86497D4E257686E400876BB9 /* DoraemonTests.swift */; };
		86497D5A257686E400876BB9 /* DoraemonUITests.swift in Sources */ = {isa = PBXBuildFile; fileRef = 86497D59257686E400876BB9 /* DoraemonUITests.swift */; };
/* End PBXBuildFile section */

/* Begin PBXContainerItemProxy section */
		86497D4B257686E400876BB9 /* PBXContainerItemProxy */ = {
			isa = PBXContainerItemProxy;
			containerPortal = 86497D2C257686E200876BB9 /* Project object */;
			proxyType = 1;
			remoteGlobalIDString = 86497D33257686E200876BB9;
			remoteInfo = Doraemon;
		};
		86497D56257686E400876BB9 /* PBXContainerItemProxy */ = {
			isa = PBXContainerItemProxy;
			containerPortal = 86497D2C257686E200876BB9 /* Project object */;
			proxyType = 1;
			remoteGlobalIDString = 86497D33257686E200876BB9;
			remoteInfo = Doraemon;
		};
/* End PBXContainerItemProxy section */

/* Begin PBXFileReference section */
		86497D34257686E200876BB9 /* Doraemon.app */ = {isa = PBXFileReference; explicitFileType = wrapper.application; includeInIndex = 0; path = Doraemon.app; sourceTree = BUILT_PRODUCTS_DIR; };
		86497D37257686E200876BB9 /* AppDelegate.swift */ = {isa = PBXFileReference; lastKnownFileType = sourcecode.swift; path = AppDelegate.swift; sourceTree = "<group>"; };
		86497D39257686E200876BB9 /* SceneDelegate.swift */ = {isa = PBXFileReference; lastKnownFileType = sourcecode.swift; path = SceneDelegate.swift; sourceTree = "<group>"; };
		86497D3B257686E200876BB9 /* ViewController.swift */ = {isa = PBXFileReference; lastKnownFileType = sourcecode.swift; path = ViewController.swift; sourceTree = "<group>"; };
		86497D3E257686E200876BB9 /* Base */ = {isa = PBXFileReference; lastKnownFileType = file.storyboard; name = Base; path = Base.lproj/Main.storyboard; sourceTree = "<group>"; };
		86497D40257686E300876BB9 /* Assets.xcassets */ = {isa = PBXFileReference; lastKnownFileType = folder.assetcatalog; path = Assets.xcassets; sourceTree = "<group>"; };
		86497D43257686E300876BB9 /* Base */ = {isa = PBXFileReference; lastKnownFileType = file.storyboard; name = Base; path = Base.lproj/LaunchScreen.storyboard; sourceTree = "<group>"; };
		86497D45257686E300876BB9 /* Info.plist */ = {isa = PBXFileReference; lastKnownFileType = text.plist.xml; path = Info.plist; sourceTree = "<group>"; };
		86497D4A257686E400876BB9 /* DoraemonTests.xctest */ = {isa = PBXFileReference; explicitFileType = wrapper.cfbundle; includeInIndex = 0; path = DoraemonTests.xctest; sourceTree = BUILT_PRODUCTS_DIR; };
		86497D4E257686E400876BB9 /* DoraemonTests.swift */ = {isa = PBXFileReference; lastKnownFileType = sourcecode.swift; path = DoraemonTests.swift; sourceTree = "<group>"; };
		86497D50257686E400876BB9 /* Info.plist */ = {isa = PBXFileReference; lastKnownFileType = text.plist.xml; path = Info.plist; sourceTree = "<group>"; };
		86497D55257686E400876BB9 /* DoraemonUITests.xctest */ = {isa = PBXFileReference; explicitFileType = wrapper.cfbundle; includeInIndex = 0; path = DoraemonUITests.xctest; sourceTree = BUILT_PRODUCTS_DIR; };
		86497D59257686E400876BB9 /* DoraemonUITests.swift */ = {isa = PBXFileReference; lastKnownFileType = sourcecode.swift; path = DoraemonUITests.swift; sourceTree = "<group>"; };
		86497D5B257686E400876BB9 /* Info.plist */ = {isa = PBXFileReference; lastKnownFileType = text.plist.xml; path = Info.plist; sourceTree = "<group>"; };
/* End PBXFileReference section */

/* Begin PBXFrameworksBuildPhase section */
		86497D31257686E200876BB9 /* Frameworks */ = {
			isa = PBXFrameworksBuildPhase;
			buildActionMask = 2147483647;
			files = (
			);
			runOnlyForDeploymentPostprocessing = 0;
		};
		86497D47257686E400876BB9 /* Frameworks */ = {
			isa = PBXFrameworksBuildPhase;
			buildActionMask = 2147483647;
			files = (
			);
			runOnlyForDeploymentPostprocessing = 0;
		};
		86497D52257686E400876BB9 /* Frameworks */ = {
			isa = PBXFrameworksBuildPhase;
			buildActionMask = 2147483647;
			files = (
			);
			runOnlyForDeploymentPostprocessing = 0;
		};
/* End PBXFrameworksBuildPhase section */

/* Begin PBXGroup section */
		86497D2B257686E200876BB9 = {
			isa = PBXGroup;
			children = (
				86497D36257686E200876BB9 /* Doraemon */,
				86497D4D257686E400876BB9 /* DoraemonTests */,
				86497D58257686E400876BB9 /* DoraemonUITests */,
				86497D35257686E200876BB9 /* Products */,
			);
			sourceTree = "<group>";
		};
		86497D35257686E200876BB9 /* Products */ = {
			isa = PBXGroup;
			children = (
				86497D34257686E200876BB9 /* Doraemon.app */,
				86497D4A257686E400876BB9 /* DoraemonTests.xctest */,
				86497D55257686E400876BB9 /* DoraemonUITests.xctest */,
			);
			name = Products;
			sourceTree = "<group>";
		};
		86497D36257686E200876BB9 /* Doraemon */ = {
			isa = PBXGroup;
			children = (
				86497D37257686E200876BB9 /* AppDelegate.swift */,
				86497D39257686E200876BB9 /* SceneDelegate.swift */,
				86497D3B257686E200876BB9 /* ViewController.swift */,
				86497D3D257686E200876BB9 /* Main.storyboard */,
				86497D40257686E300876BB9 /* Assets.xcassets */,
				86497D42257686E300876BB9 /* LaunchScreen.storyboard */,
				86497D45257686E300876BB9 /* Info.plist */,
			);
			path = Doraemon;
			sourceTree = "<group>";
		};
		86497D4D257686E400876BB9 /* DoraemonTests */ = {
			isa = PBXGroup;
			children = (
				86497D4E257686E400876BB9 /* DoraemonTests.swift */,
				86497D50257686E400876BB9 /* Info.plist */,
			);
			path = DoraemonTests;
			sourceTree = "<group>";
		};
		86497D58257686E400876BB9 /* DoraemonUITests */ = {
			isa = PBXGroup;
			children = (
				86497D59257686E400876BB9 /* DoraemonUITests.swift */,
				86497D5B257686E400876BB9 /* Info.plist */,
			);
			path = DoraemonUITests;
			sourceTree = "<group>";
		};
/* End PBXGroup section */

/* Begin PBXNativeTarget section */
		86497D33257686E200876BB9 /* Doraemon */ = {
			isa = PBXNativeTarget;
			buildConfigurationList = 86497D5E257686E400876BB9 /* Build configuration list for PBXNativeTarget "Doraemon" */;
			buildPhases = (
				86497D30257686E200876BB9 /* Sources */,
				86497D31257686E200876BB9 /* Frameworks */,
				86497D32257686E200876BB9 /* Resources */,
			);
			buildRules = (
			);
			dependencies = (
			);
			name = Doraemon;
			productName = Doraemon;
			productReference = 86497D34257686E200876BB9 /* Doraemon.app */;
			productType = "com.apple.product-type.application";
		};
		86497D49257686E400876BB9 /* DoraemonTests */ = {
			isa = PBXNativeTarget;
			buildConfigurationList = 86497D61257686E400876BB9 /* Build configuration list for PBXNativeTarget "DoraemonTests" */;
			buildPhases = (
				86497D46257686E400876BB9 /* Sources */,
				86497D47257686E400876BB9 /* Frameworks */,
				86497D48257686E400876BB9 /* Resources */,
			);
			buildRules = (
			);
			dependencies = (
				86497D4C257686E400876BB9 /* PBXTargetDependency */,
			);
			name = DoraemonTests;
			productName = DoraemonTests;
			productReference = 86497D4A257686E400876BB9 /* DoraemonTests.xctest */;
			productType = "com.apple.product-type.bundle.unit-test";
		};
		86497D54257686E400876BB9 /* DoraemonUITests */ = {
			isa = PBXNativeTarget;
			buildConfigurationList = 86497D64257686E400876BB9 /* Build configuration list for PBXNativeTarget "DoraemonUITests" */;
			buildPhases = (
				86497D51257686E400876BB9 /* Sources */,
				86497D52257686E400876BB9 /* Frameworks */,
				86497D53257686E400876BB9 /* Resources */,
			);
			buildRules = (
			);
			dependencies = (
				86497D57257686E400876BB9 /* PBXTargetDependency */,
			);
			name = DoraemonUITests;
			productName = DoraemonUITests;
			productReference = 86497D55257686E400876BB9 /* DoraemonUITests.xctest */;
			productType = "com.apple.product-type.bundle.ui-testing";
		};
/* End PBXNativeTarget section */

/* Begin PBXProject section */
		86497D2C257686E200876BB9 /* Project object */ = {
			isa = PBXProject;
			attributes = {
				LastSwiftUpdateCheck = 1210;
				LastUpgradeCheck = 1210;
				TargetAttributes = {
					86497D33257686E200876BB9 = {
						CreatedOnToolsVersion = 12.1;
					};
					86497D49257686E400876BB9 = {
						CreatedOnToolsVersion = 12.1;
						TestTargetID = 86497D33257686E200876BB9;
					};
					86497D54257686E400876BB9 = {
						CreatedOnToolsVersion = 12.1;
						TestTargetID = 86497D33257686E200876BB9;
					};
				};
			};
			buildConfigurationList = 86497D2F257686E200876BB9 /* Build configuration list for PBXProject "Doraemon" */;
			compatibilityVersion = "Xcode 9.3";
			developmentRegion = en;
			hasScannedForEncodings = 0;
			knownRegions = (
				en,
				Base,
			);
			mainGroup = 86497D2B257686E200876BB9;
			productRefGroup = 86497D35257686E200876BB9 /* Products */;
			projectDirPath = "";
			projectRoot = "";
			targets = (
				86497D33257686E200876BB9 /* Doraemon */,
				86497D49257686E400876BB9 /* DoraemonTests */,
				86497D54257686E400876BB9 /* DoraemonUITests */,
			);
		};
/* End PBXProject section */

/* Begin PBXResourcesBuildPhase section */
		86497D32257686E200876BB9 /* Resources */ = {
			isa = PBXResourcesBuildPhase;
			buildActionMask = 2147483647;
			files = (
				86497D44257686E300876BB9 /* LaunchScreen.storyboard in Resources */,
				86497D41257686E300876BB9 /* Assets.xcassets in Resources */,
				86497D3F257686E200876BB9 /* Main.storyboard in Resources */,
			);
			runOnlyForDeploymentPostprocessing = 0;
		};
		86497D48257686E400876BB9 /* Resources */ = {
			isa = PBXResourcesBuildPhase;
			buildActionMask = 2147483647;
			files = (
			);
			runOnlyForDeploymentPostprocessing = 0;
		};
		86497D53257686E400876BB9 /* Resources */ = {
			isa = PBXResourcesBuildPhase;
			buildActionMask = 2147483647;
			files = (
			);
			runOnlyForDeploymentPostprocessing = 0;
		};
/* End PBXResourcesBuildPhase section */

/* Begin PBXSourcesBuildPhase section */
		86497D30257686E200876BB9 /* Sources */ = {
			isa = PBXSourcesBuildPhase;
			buildActionMask = 2147483647;
			files = (
				86497D3C257686E200876BB9 /* ViewController.swift in Sources */,
				86497D38257686E200876BB9 /* AppDelegate.swift in Sources */,
				86497D3A257686E200876BB9 /* SceneDelegate.swift in Sources */,
			);
			runOnlyForDeploymentPostprocessing = 0;
		};
		86497D46257686E400876BB9 /* Sources */ = {
			isa = PBXSourcesBuildPhase;
			buildActionMask = 2147483647;
			files = (
				86497D4F257686E400876BB9 /* DoraemonTests.swift in Sources */,
			);
			runOnlyForDeploymentPostprocessing = 0;
		};
		86497D51257686E400876BB9 /* Sources */ = {
			isa = PBXSourcesBuildPhase;
			buildActionMask = 2147483647;
			files = (
				86497D5A257686E400876BB9 /* DoraemonUITests.swift in Sources */,
			);
			runOnlyForDeploymentPostprocessing = 0;
		};
/* End PBXSourcesBuildPhase section */

/* Begin PBXTargetDependency section */
		86497D4C257686E400876BB9 /* PBXTargetDependency */ = {
			isa = PBXTargetDependency;
			target = 86497D33257686E200876BB9 /* Doraemon */;
			targetProxy = 86497D4B257686E400876BB9 /* PBXContainerItemProxy */;
		};
		86497D57257686E400876BB9 /* PBXTargetDependency */ = {
			isa = PBXTargetDependency;
			target = 86497D33257686E200876BB9 /* Doraemon */;
			targetProxy = 86497D56257686E400876BB9 /* PBXContainerItemProxy */;
		};
/* End PBXTargetDependency section */

/* Begin PBXVariantGroup section */
		86497D3D257686E200876BB9 /* Main.storyboard */ = {
			isa = PBXVariantGroup;
			children = (
				86497D3E257686E200876BB9 /* Base */,
			);
			name = Main.storyboard;
			sourceTree = "<group>";
		};
		86497D42257686E300876BB9 /* LaunchScreen.storyboard */ = {
			isa = PBXVariantGroup;
			children = (
				86497D43257686E300876BB9 /* Base */,
			);
			name = LaunchScreen.storyboard;
			sourceTree = "<group>";
		};
/* End PBXVariantGroup section */

/* Begin XCBuildConfiguration section */
		86497D5C257686E400876BB9 /* Debug */ = {
			isa = XCBuildConfiguration;
			buildSettings = {
				ALWAYS_SEARCH_USER_PATHS = NO;
				CLANG_ANALYZER_NONNULL = YES;
				CLANG_ANALYZER_NUMBER_OBJECT_CONVERSION = YES_AGGRESSIVE;
				CLANG_CXX_LANGUAGE_STANDARD = "gnu++14";
				CLANG_CXX_LIBRARY = "libc++";
				CLANG_ENABLE_MODULES = YES;
				CLANG_ENABLE_OBJC_ARC = YES;
				CLANG_ENABLE_OBJC_WEAK = YES;
				CLANG_WARN_BLOCK_CAPTURE_AUTORELEASING = YES;
				CLANG_WARN_BOOL_CONVERSION = YES;
				CLANG_WARN_COMMA = YES;
				CLANG_WARN_CONSTANT_CONVERSION = YES;
				CLANG_WARN_DEPRECATED_OBJC_IMPLEMENTATIONS = YES;
				CLANG_WARN_DIRECT_OBJC_ISA_USAGE = YES_ERROR;
				CLANG_WARN_DOCUMENTATION_COMMENTS = YES;
				CLANG_WARN_EMPTY_BODY = YES;
				CLANG_WARN_ENUM_CONVERSION = YES;
				CLANG_WARN_INFINITE_RECURSION = YES;
				CLANG_WARN_INT_CONVERSION = YES;
				CLANG_WARN_NON_LITERAL_NULL_CONVERSION = YES;
				CLANG_WARN_OBJC_IMPLICIT_RETAIN_SELF = YES;
				CLANG_WARN_OBJC_LITERAL_CONVERSION = YES;
				CLANG_WARN_OBJC_ROOT_CLASS = YES_ERROR;
				CLANG_WARN_QUOTED_INCLUDE_IN_FRAMEWORK_HEADER = YES;
				CLANG_WARN_RANGE_LOOP_ANALYSIS = YES;
				CLANG_WARN_STRICT_PROTOTYPES = YES;
				CLANG_WARN_SUSPICIOUS_MOVE = YES;
				CLANG_WARN_UNGUARDED_AVAILABILITY = YES_AGGRESSIVE;
				CLANG_WARN_UNREACHABLE_CODE = YES;
				CLANG_WARN__DUPLICATE_METHOD_MATCH = YES;
				COPY_PHASE_STRIP = NO;
				DEBUG_INFORMATION_FORMAT = dwarf;
				ENABLE_STRICT_OBJC_MSGSEND = YES;
				ENABLE_TESTABILITY = YES;
				GCC_C_LANGUAGE_STANDARD = gnu11;
				GCC_DYNAMIC_NO_PIC = NO;
				GCC_NO_COMMON_BLOCKS = YES;
				GCC_OPTIMIZATION_LEVEL = 0;
				GCC_PREPROCESSOR_DEFINITIONS = (
					"DEBUG=1",
					"$(inherited)",
				);
				GCC_WARN_64_TO_32_BIT_CONVERSION = YES;
				GCC_WARN_ABOUT_RETURN_TYPE = YES_ERROR;
				GCC_WARN_UNDECLARED_SELECTOR = YES;
				GCC_WARN_UNINITIALIZED_AUTOS = YES_AGGRESSIVE;
				GCC_WARN_UNUSED_FUNCTION = YES;
				GCC_WARN_UNUSED_VARIABLE = YES;
				IPHONEOS_DEPLOYMENT_TARGET = 14.1;
				MTL_ENABLE_DEBUG_INFO = INCLUDE_SOURCE;
				MTL_FAST_MATH = YES;
				ONLY_ACTIVE_ARCH = YES;
				SDKROOT = iphoneos;
				SWIFT_ACTIVE_COMPILATION_CONDITIONS = DEBUG;
				SWIFT_OPTIMIZATION_LEVEL = "-Onone";
			};
			name = Debug;
		};
		86497D5D257686E400876BB9 /* Release */ = {
			isa = XCBuildConfiguration;
			buildSettings = {
				ALWAYS_SEARCH_USER_PATHS = NO;
				CLANG_ANALYZER_NONNULL = YES;
				CLANG_ANALYZER_NUMBER_OBJECT_CONVERSION = YES_AGGRESSIVE;
				CLANG_CXX_LANGUAGE_STANDARD = "gnu++14";
				CLANG_CXX_LIBRARY = "libc++";
				CLANG_ENABLE_MODULES = YES;
				CLANG_ENABLE_OBJC_ARC = YES;
				CLANG_ENABLE_OBJC_WEAK = YES;
				CLANG_WARN_BLOCK_CAPTURE_AUTORELEASING = YES;
				CLANG_WARN_BOOL_CONVERSION = YES;
				CLANG_WARN_COMMA = YES;
				CLANG_WARN_CONSTANT_CONVERSION = YES;
				CLANG_WARN_DEPRECATED_OBJC_IMPLEMENTATIONS = YES;
				CLANG_WARN_DIRECT_OBJC_ISA_USAGE = YES_ERROR;
				CLANG_WARN_DOCUMENTATION_COMMENTS = YES;
				CLANG_WARN_EMPTY_BODY = YES;
				CLANG_WARN_ENUM_CONVERSION = YES;
				CLANG_WARN_INFINITE_RECURSION = YES;
				CLANG_WARN_INT_CONVERSION = YES;
				CLANG_WARN_NON_LITERAL_NULL_CONVERSION = YES;
				CLANG_WARN_OBJC_IMPLICIT_RETAIN_SELF = YES;
				CLANG_WARN_OBJC_LITERAL_CONVERSION = YES;
				CLANG_WARN_OBJC_ROOT_CLASS = YES_ERROR;
				CLANG_WARN_QUOTED_INCLUDE_IN_FRAMEWORK_HEADER = YES;
				CLANG_WARN_RANGE_LOOP_ANALYSIS = YES;
				CLANG_WARN_STRICT_PROTOTYPES = YES;
				CLANG_WARN_SUSPICIOUS_MOVE = YES;
				CLANG_WARN_UNGUARDED_AVAILABILITY = YES_AGGRESSIVE;
				CLANG_WARN_UNREACHABLE_CODE = YES;
				CLANG_WARN__DUPLICATE_METHOD_MATCH = YES;
				COPY_PHASE_STRIP = NO;
				DEBUG_INFORMATION_FORMAT = "dwarf-with-dsym";
				ENABLE_NS_ASSERTIONS = NO;
				ENABLE_STRICT_OBJC_MSGSEND = YES;
				GCC_C_LANGUAGE_STANDARD = gnu11;
				GCC_NO_COMMON_BLOCKS = YES;
				GCC_WARN_64_TO_32_BIT_CONVERSION = YES;
				GCC_WARN_ABOUT_RETURN_TYPE = YES_ERROR;
				GCC_WARN_UNDECLARED_SELECTOR = YES;
				GCC_WARN_UNINITIALIZED_AUTOS = YES_AGGRESSIVE;
				GCC_WARN_UNUSED_FUNCTION = YES;
				GCC_WARN_UNUSED_VARIABLE = YES;
				IPHONEOS_DEPLOYMENT_TARGET = 14.1;
				MTL_ENABLE_DEBUG_INFO = NO;
				MTL_FAST_MATH = YES;
				SDKROOT = iphoneos;
				SWIFT_COMPILATION_MODE = wholemodule;
				SWIFT_OPTIMIZATION_LEVEL = "-O";
				VALIDATE_PRODUCT = YES;
			};
			name = Release;
		};
		86497D5F257686E400876BB9 /* Debug */ = {
			isa = XCBuildConfiguration;
			buildSettings = {
				ASSETCATALOG_COMPILER_APPICON_NAME = AppIcon;
				ASSETCATALOG_COMPILER_GLOBAL_ACCENT_COLOR_NAME = AccentColor;
				CODE_SIGN_STYLE = Automatic;
				INFOPLIST_FILE = Doraemon/Info.plist;
				LD_RUNPATH_SEARCH_PATHS = (
					"$(inherited)",
					"@executable_path/Frameworks",
				);
				PRODUCT_BUNDLE_IDENTIFIER = Doraemon17.Doraemon;
				PRODUCT_NAME = "$(TARGET_NAME)";
				SWIFT_VERSION = 5.0;
				TARGETED_DEVICE_FAMILY = "1,2";
			};
			name = Debug;
		};
		86497D60257686E400876BB9 /* Release */ = {
			isa = XCBuildConfiguration;
			buildSettings = {
				ASSETCATALOG_COMPILER_APPICON_NAME = AppIcon;
				ASSETCATALOG_COMPILER_GLOBAL_ACCENT_COLOR_NAME = AccentColor;
				CODE_SIGN_STYLE = Automatic;
				INFOPLIST_FILE = Doraemon/Info.plist;
				LD_RUNPATH_SEARCH_PATHS = (
					"$(inherited)",
					"@executable_path/Frameworks",
				);
				PRODUCT_BUNDLE_IDENTIFIER = Doraemon17.Doraemon;
				PRODUCT_NAME = "$(TARGET_NAME)";
				SWIFT_VERSION = 5.0;
				TARGETED_DEVICE_FAMILY = "1,2";
			};
			name = Release;
		};
		86497D62257686E400876BB9 /* Debug */ = {
			isa = XCBuildConfiguration;
			buildSettings = {
				ALWAYS_EMBED_SWIFT_STANDARD_LIBRARIES = YES;
				BUNDLE_LOADER = "$(TEST_HOST)";
				CODE_SIGN_STYLE = Automatic;
				INFOPLIST_FILE = DoraemonTests/Info.plist;
				IPHONEOS_DEPLOYMENT_TARGET = 14.1;
				LD_RUNPATH_SEARCH_PATHS = (
					"$(inherited)",
					"@executable_path/Frameworks",
					"@loader_path/Frameworks",
				);
				PRODUCT_BUNDLE_IDENTIFIER = Doraemon17.DoraemonTests;
				PRODUCT_NAME = "$(TARGET_NAME)";
				SWIFT_VERSION = 5.0;
				TARGETED_DEVICE_FAMILY = "1,2";
				TEST_HOST = "$(BUILT_PRODUCTS_DIR)/Doraemon.app/Doraemon";
			};
			name = Debug;
		};
		86497D63257686E400876BB9 /* Release */ = {
			isa = XCBuildConfiguration;
			buildSettings = {
				ALWAYS_EMBED_SWIFT_STANDARD_LIBRARIES = YES;
				BUNDLE_LOADER = "$(TEST_HOST)";
				CODE_SIGN_STYLE = Automatic;
				INFOPLIST_FILE = DoraemonTests/Info.plist;
				IPHONEOS_DEPLOYMENT_TARGET = 14.1;
				LD_RUNPATH_SEARCH_PATHS = (
					"$(inherited)",
					"@executable_path/Frameworks",
					"@loader_path/Frameworks",
				);
				PRODUCT_BUNDLE_IDENTIFIER = Doraemon17.DoraemonTests;
				PRODUCT_NAME = "$(TARGET_NAME)";
				SWIFT_VERSION = 5.0;
				TARGETED_DEVICE_FAMILY = "1,2";
				TEST_HOST = "$(BUILT_PRODUCTS_DIR)/Doraemon.app/Doraemon";
			};
			name = Release;
		};
		86497D65257686E400876BB9 /* Debug */ = {
			isa = XCBuildConfiguration;
			buildSettings = {
				ALWAYS_EMBED_SWIFT_STANDARD_LIBRARIES = YES;
				CODE_SIGN_STYLE = Automatic;
				INFOPLIST_FILE = DoraemonUITests/Info.plist;
				LD_RUNPATH_SEARCH_PATHS = (
					"$(inherited)",
					"@executable_path/Frameworks",
					"@loader_path/Frameworks",
				);
				PRODUCT_BUNDLE_IDENTIFIER = Doraemon17.DoraemonUITests;
				PRODUCT_NAME = "$(TARGET_NAME)";
				SWIFT_VERSION = 5.0;
				TARGETED_DEVICE_FAMILY = "1,2";
				TEST_TARGET_NAME = Doraemon;
			};
			name = Debug;
		};
		86497D66257686E400876BB9 /* Release */ = {
			isa = XCBuildConfiguration;
			buildSettings = {
				ALWAYS_EMBED_SWIFT_STANDARD_LIBRARIES = YES;
				CODE_SIGN_STYLE = Automatic;
				INFOPLIST_FILE = DoraemonUITests/Info.plist;
				LD_RUNPATH_SEARCH_PATHS = (
					"$(inherited)",
					"@executable_path/Frameworks",
					"@loader_path/Frameworks",
				);
				PRODUCT_BUNDLE_IDENTIFIER = Doraemon17.DoraemonUITests;
				PRODUCT_NAME = "$(TARGET_NAME)";
				SWIFT_VERSION = 5.0;
				TARGETED_DEVICE_FAMILY = "1,2";
				TEST_TARGET_NAME = Doraemon;
			};
			name = Release;
		};
/* End XCBuildConfiguration section */

/* Begin XCConfigurationList section */
		86497D2F257686E200876BB9 /* Build configuration list for PBXProject "Doraemon" */ = {
			isa = XCConfigurationList;
			buildConfigurations = (
				86497D5C257686E400876BB9 /* Debug */,
				86497D5D257686E400876BB9 /* Release */,
			);
			defaultConfigurationIsVisible = 0;
			defaultConfigurationName = Release;
		};
		86497D5E257686E400876BB9 /* Build configuration list for PBXNativeTarget "Doraemon" */ = {
			isa = XCConfigurationList;
			buildConfigurations = (
				86497D5F257686E400876BB9 /* Debug */,
				86497D60257686E400876BB9 /* Release */,
			);
			defaultConfigurationIsVisible = 0;
			defaultConfigurationName = Release;
		};
		86497D61257686E400876BB9 /* Build configuration list for PBXNativeTarget "DoraemonTests" */ = {
			isa = XCConfigurationList;
			buildConfigurations = (
				86497D62257686E400876BB9 /* Debug */,
				86497D63257686E400876BB9 /* Release */,
			);
			defaultConfigurationIsVisible = 0;
			defaultConfigurationName = Release;
		};
		86497D64257686E400876BB9 /* Build configuration list for PBXNativeTarget "DoraemonUITests" */ = {
			isa = XCConfigurationList;
			buildConfigurations = (
				86497D65257686E400876BB9 /* Debug */,
				86497D66257686E400876BB9 /* Release */,
			);
			defaultConfigurationIsVisible = 0;
			defaultConfigurationName = Release;
		};
/* End XCConfigurationList section */
	};
	rootObject = 86497D2C257686E200876BB9 /* Project object */;
}
